
Microsoft Visual Studio Solution File, Format Version 12.00
# Visual Studio Express 2012 for Windows Desktop
Project("{8BC9CEB8-8B4A-11D0-8D11-00A0C91BC942}") = "CDFLibrary", "CDFLibrary\CDFLibrary.vcxproj", "{FF1D8E1A-B5B2-4F82-A7C9-E66B67BEC5DB}"
EndProject
Project("{FAE04EC0-301F-11D3-BF4B-00C04F79EFBC}") = "CDFEncoder", "CDFEncoder\CDFEncoder.csproj", "{C352B9BA-91B8-4169-B6EA-C921F9E6AFAC}"
EndProject
Global
	GlobalSection(SolutionConfigurationPlatforms) = preSolution
		Debug|Any CPU = Debug|Any CPU
		Debug|Mixed Platforms = Debug|Mixed Platforms
		Debug|Win32 = Debug|Win32
		Debug|x64 = Debug|x64
		Release|Any CPU = Release|Any CPU
		Release|Mixed Platforms = Release|Mixed Platforms
		Release|Win32 = Release|Win32
		Release|x64 = Release|x64
	EndGlobalSection
	GlobalSection(ProjectConfigurationPlatforms) = postSolution
		{FF1D8E1A-B5B2-4F82-A7C9-E66B67BEC5DB}.Debug|Any CPU.ActiveCfg = Debug|Win32
		{FF1D8E1A-B5B2-4F82-A7C9-E66B67BEC5DB}.Debug|Mixed Platforms.ActiveCfg = Debug|Win32
		{FF1D8E1A-B5B2-4F82-A7C9-E66B67BEC5DB}.Debug|Mixed Platforms.Build.0 = Debug|Win32
		{FF1D8E1A-B5B2-4F82-A7C9-E66B67BEC5DB}.Debug|Win32.ActiveCfg = Debug|Win32
		{FF1D8E1A-B5B2-4F82-A7C9-E66B67BEC5DB}.Debug|Win32.Build.0 = Debug|Win32
		{FF1D8E1A-B5B2-4F82-A7C9-E66B67BEC5DB}.Debug|x64.ActiveCfg = Debug|Win32
		{FF1D8E1A-B5B2-4F82-A7C9-E66B67BEC5DB}.Release|Any CPU.ActiveCfg = Release|Win32
		{FF1D8E1A-B5B2-4F82-A7C9-E66B67BEC5DB}.Release|Mixed Platforms.ActiveCfg = Release|Win32
		{FF1D8E1A-B5B2-4F82-A7C9-E66B67BEC5DB}.Release|Mixed Platforms.Build.0 = Release|Win32
		{FF1D8E1A-B5B2-4F82-A7C9-E66B67BEC5DB}.Release|Win32.ActiveCfg = Release|Win32
		{FF1D8E1A-B5B2-4F82-A7C9-E66B67BEC5DB}.Release|Win32.Build.0 = Release|Win32
		{FF1D8E1A-B5B2-4F82-A7C9-E66B67BEC5DB}.Release|x64.ActiveCfg = Release|Win32
		{C352B9BA-91B8-4169-B6EA-C921F9E6AFAC}.Debug|Any CPU.ActiveCfg = Debug|Any CPU
		{C352B9BA-91B8-4169-B6EA-C921F9E6AFAC}.Debug|Any CPU.Build.0 = Debug|Any CPU
		{C352B9BA-91B8-4169-B6EA-C921F9E6AFAC}.Debug|Mixed Platforms.ActiveCfg = Debug|Any CPU
		{C352B9BA-91B8-4169-B6EA-C921F9E6AFAC}.Debug|Mixed Platforms.Build.0 = Debug|Any CPU
		{C352B9BA-91B8-4169-B6EA-C921F9E6AFAC}.Debug|Win32.ActiveCfg = Debug|Any CPU
		{C352B9BA-91B8-4169-B6EA-C921F9E6AFAC}.Debug|x64.ActiveCfg = Debug|Any CPU
		{C352B9BA-91B8-4169-B6EA-C921F9E6AFAC}.Release|Any CPU.ActiveCfg = Release|Any CPU
		{C352B9BA-91B8-4169-B6EA-C921F9E6AFAC}.Release|Any CPU.Build.0 = Release|Any CPU
		{C352B9BA-91B8-4169-B6EA-C921F9E6AFAC}.Release|Mixed Platforms.ActiveCfg = Release|Any CPU
		{C352B9BA-91B8-4169-B6EA-C921F9E6AFAC}.Release|Mixed Platforms.Build.0 = Release|Any CPU
		{C352B9BA-91B8-4169-B6EA-C921F9E6AFAC}.Release|Win32.ActiveCfg = Release|Any CPU
		{C352B9BA-91B8-4169-B6EA-C921F9E6AFAC}.Release|x64.ActiveCfg = Release|Any CPU
	EndGlobalSection
	GlobalSection(SolutionProperties) = preSolution
		HideSolutionNode = FALSE
	EndGlobalSection
EndGlobal
